
Microsoft Visual Studio Solution File, Format Version 12.00
# Visual Studio 15
VisualStudioVersion = 15.0.26730.10
MinimumVisualStudioVersion = 10.0.40219.1
Project("{8BC9CEB8-8B4A-11D0-8D11-00A0C91BC942}") = "CIS265_6A", "CIS265_6A\CIS265_6A.vcxproj", "{EE6835E7-1719-41BE-BAA0-F33DE48ADE32}"
EndProject
Global
	GlobalSection(SolutionConfigurationPlatforms) = preSolution
		Debug|x64 = Debug|x64
		Debug|x86 = Debug|x86
		Release|x64 = Release|x64
		Release|x86 = Release|x86
	EndGlobalSection
	GlobalSection(ProjectConfigurationPlatforms) = postSolution
		{EE6835E7-1719-41BE-BAA0-F33DE48ADE32}.Debug|x64.ActiveCfg = Debug|x64
		{EE6835E7-1719-41BE-BAA0-F33DE48ADE32}.Debug|x64.Build.0 = Debug|x64
		{EE6835E7-1719-41BE-BAA0-F33DE48ADE32}.Debug|x86.ActiveCfg = Debug|Win32
		{EE6835E7-1719-41BE-BAA0-F33DE48ADE32}.Debug|x86.Build.0 = Debug|Win32
		{EE6835E7-1719-41BE-BAA0-F33DE48ADE32}.Release|x64.ActiveCfg = Release|x64
		{EE6835E7-1719-41BE-BAA0-F33DE48ADE32}.Release|x64.Build.0 = Release|x64
		{EE6835E7-1719-41BE-BAA0-F33DE48ADE32}.Release|x86.ActiveCfg = Release|Win32
		{EE6835E7-1719-41BE-BAA0-F33DE48ADE32}.Release|x86.Build.0 = Release|Win32
	EndGlobalSection
	GlobalSection(SolutionProperties) = preSolution
		HideSolutionNode = FALSE
	EndGlobalSection
	GlobalSection(ExtensibilityGlobals) = postSolution
		SolutionGuid = {38A982E2-BFC9-4876-BDED-68E95524F4D2}
	EndGlobalSection
EndGlobal
